
Microsoft Visual Studio Solution File, Format Version 12.00
# Visual Studio Version 16
VisualStudioVersion = 16.0.30717.126
MinimumVisualStudioVersion = 10.0.40219.1
Project("{FAE04EC0-301F-11D3-BF4B-00C04F79EFBC}") = "JsonDictionaryEditor", "JsonDictionaryEditor\JsonDictionaryEditor.csproj", "{2CC4ED46-0B76-497A-B115-AF818ABECD5D}"
EndProject
Global
	GlobalSection(SolutionConfigurationPlatforms) = preSolution
		Debug|Any CPU = Debug|Any CPU
		Release|Any CPU = Release|Any CPU
	EndGlobalSection
	GlobalSection(ProjectConfigurationPlatforms) = postSolution
		{2CC4ED46-0B76-497A-B115-AF818ABECD5D}.Debug|Any CPU.ActiveCfg = Debug|Any CPU
		{2CC4ED46-0B76-497A-B115-AF818ABECD5D}.Debug|Any CPU.Build.0 = Debug|Any CPU
		{2CC4ED46-0B76-497A-B115-AF818ABECD5D}.Release|Any CPU.ActiveCfg = Release|Any CPU
		{2CC4ED46-0B76-497A-B115-AF818ABECD5D}.Release|Any CPU.Build.0 = Release|Any CPU
	EndGlobalSection
	GlobalSection(SolutionProperties) = preSolution
		HideSolutionNode = FALSE
	EndGlobalSection
	GlobalSection(ExtensibilityGlobals) = postSolution
		SolutionGuid = {D3299CD8-5605-4491-8CDB-280DB152F04A}
	EndGlobalSection
EndGlobal
